
Microsoft Visual Studio Solution File, Format Version 12.00
Project("{FAE04EC0-301F-11D3-BF4B-00C04F79EFBC}") = "zStatsApi", "zStatsApi\zStatsApi.csproj", "{03EE88C0-8EEA-49A8-9F9A-82D369C01A0B}"
EndProject
Global
	GlobalSection(SolutionConfigurationPlatforms) = preSolution
		Debug|Any CPU = Debug|Any CPU
		Release|Any CPU = Release|Any CPU
	EndGlobalSection
	GlobalSection(ProjectConfigurationPlatforms) = postSolution
		{03EE88C0-8EEA-49A8-9F9A-82D369C01A0B}.Debug|Any CPU.ActiveCfg = Debug|Any CPU
		{03EE88C0-8EEA-49A8-9F9A-82D369C01A0B}.Debug|Any CPU.Build.0 = Debug|Any CPU
		{03EE88C0-8EEA-49A8-9F9A-82D369C01A0B}.Release|Any CPU.ActiveCfg = Release|Any CPU
		{03EE88C0-8EEA-49A8-9F9A-82D369C01A0B}.Release|Any CPU.Build.0 = Release|Any CPU
	EndGlobalSection
EndGlobal
